// !$*UTF8*$!
{
	archiveVersion = 1;
	classes = {
	};
	objectVersion = 46;
	objects = {

/* Begin PBXBuildFile section */
		C130C4231C74868B0010758C /* main.m in Sources */ = {isa = PBXBuildFile; fileRef = C130C4221C74868B0010758C /* main.m */; };
		C130C4261C74868B0010758C /* AppDelegate.m in Sources */ = {isa = PBXBuildFile; fileRef = C130C4251C74868B0010758C /* AppDelegate.m */; };
		C130C42F1C74868B0010758C /* Main.storyboard in Resources */ = {isa = PBXBuildFile; fileRef = C130C42D1C74868B0010758C /* Main.storyboard */; };
		C130C4311C74868B0010758C /* Assets.xcassets in Resources */ = {isa = PBXBuildFile; fileRef = C130C4301C74868B0010758C /* Assets.xcassets */; };
		C130C4341C74868B0010758C /* LaunchScreen.storyboard in Resources */ = {isa = PBXBuildFile; fileRef = C130C4321C74868B0010758C /* LaunchScreen.storyboard */; };
		C130C43D1C7489F20010758C /* CommonTableViewController.m in Sources */ = {isa = PBXBuildFile; fileRef = C130C43C1C7489F20010758C /* CommonTableViewController.m */; };
		C130C4401C74A77F0010758C /* AllTweetsTableViewController.m in Sources */ = {isa = PBXBuildFile; fileRef = C130C43F1C74A77F0010758C /* AllTweetsTableViewController.m */; };
		C130C4431C74A8040010758C /* ReadingListTableViewController.m in Sources */ = {isa = PBXBuildFile; fileRef = C130C4421C74A8040010758C /* ReadingListTableViewController.m */; };
		C130C4461C74B0D70010758C /* FBSession.m in Sources */ = {isa = PBXBuildFile; fileRef = C130C4451C74B0D70010758C /* FBSession.m */; };
		C130C4491C752E1C0010758C /* PostMessageViewController.m in Sources */ = {isa = PBXBuildFile; fileRef = C130C4481C752E1C0010758C /* PostMessageViewController.m */; };
		C143E9D11C75C07200362A31 /* FBDataProvider.m in Sources */ = {isa = PBXBuildFile; fileRef = C143E9D01C75C07200362A31 /* FBDataProvider.m */; };
		C143E9E01C75FDF900362A31 /* UIColor+ColorExtensions.m in Sources */ = {isa = PBXBuildFile; fileRef = C143E9DF1C75FDF900362A31 /* UIColor+ColorExtensions.m */; };
		C143E9E31C76119C00362A31 /* DetailMessageViewController.m in Sources */ = {isa = PBXBuildFile; fileRef = C143E9E21C76119C00362A31 /* DetailMessageViewController.m */; };
		C143E9E61C76276600362A31 /* UsersViewController.m in Sources */ = {isa = PBXBuildFile; fileRef = C143E9E51C76276600362A31 /* UsersViewController.m */; };
		C199A8EE1C766E810092BD67 /* CustomTweetsCell.m in Sources */ = {isa = PBXBuildFile; fileRef = C199A8ED1C766E810092BD67 /* CustomTweetsCell.m */; };
/* End PBXBuildFile section */

/* Begin PBXFileReference section */
		C130C41E1C74868B0010758C /* Federated Bird.app */ = {isa = PBXFileReference; explicitFileType = wrapper.application; includeInIndex = 0; path = "Federated Bird.app"; sourceTree = BUILT_PRODUCTS_DIR; };
		C130C4221C74868B0010758C /* main.m */ = {isa = PBXFileReference; lastKnownFileType = sourcecode.c.objc; path = main.m; sourceTree = "<group>"; };
		C130C4241C74868B0010758C /* AppDelegate.h */ = {isa = PBXFileReference; lastKnownFileType = sourcecode.c.h; path = AppDelegate.h; sourceTree = "<group>"; };
		C130C4251C74868B0010758C /* AppDelegate.m */ = {isa = PBXFileReference; lastKnownFileType = sourcecode.c.objc; path = AppDelegate.m; sourceTree = "<group>"; };
		C130C42E1C74868B0010758C /* Base */ = {isa = PBXFileReference; lastKnownFileType = file.storyboard; name = Base; path = Base.lproj/Main.storyboard; sourceTree = "<group>"; };
		C130C4301C74868B0010758C /* Assets.xcassets */ = {isa = PBXFileReference; lastKnownFileType = folder.assetcatalog; path = Assets.xcassets; sourceTree = "<group>"; };
		C130C4331C74868B0010758C /* Base */ = {isa = PBXFileReference; lastKnownFileType = file.storyboard; name = Base; path = Base.lproj/LaunchScreen.storyboard; sourceTree = "<group>"; };
		C130C4351C74868B0010758C /* Info.plist */ = {isa = PBXFileReference; lastKnownFileType = text.plist.xml; path = Info.plist; sourceTree = "<group>"; };
		C130C43B1C7489F20010758C /* CommonTableViewController.h */ = {isa = PBXFileReference; fileEncoding = 4; lastKnownFileType = sourcecode.c.h; name = CommonTableViewController.h; path = ../CommonTableViewController.h; sourceTree = "<group>"; };
		C130C43C1C7489F20010758C /* CommonTableViewController.m */ = {isa = PBXFileReference; fileEncoding = 4; lastKnownFileType = sourcecode.c.objc; name = CommonTableViewController.m; path = ../CommonTableViewController.m; sourceTree = "<group>"; };
		C130C43E1C74A77F0010758C /* AllTweetsTableViewController.h */ = {isa = PBXFileReference; fileEncoding = 4; lastKnownFileType = sourcecode.c.h; path = AllTweetsTableViewController.h; sourceTree = "<group>"; };
		C130C43F1C74A77F0010758C /* AllTweetsTableViewController.m */ = {isa = PBXFileReference; fileEncoding = 4; lastKnownFileType = sourcecode.c.objc; path = AllTweetsTableViewController.m; sourceTree = "<group>"; };
		C130C4411C74A8040010758C /* ReadingListTableViewController.h */ = {isa = PBXFileReference; fileEncoding = 4; lastKnownFileType = sourcecode.c.h; path = ReadingListTableViewController.h; sourceTree = "<group>"; };
		C130C4421C74A8040010758C /* ReadingListTableViewController.m */ = {isa = PBXFileReference; fileEncoding = 4; lastKnownFileType = sourcecode.c.objc; path = ReadingListTableViewController.m; sourceTree = "<group>"; };
		C130C4441C74B0D70010758C /* FBSession.h */ = {isa = PBXFileReference; fileEncoding = 4; lastKnownFileType = sourcecode.c.h; path = FBSession.h; sourceTree = "<group>"; };
		C130C4451C74B0D70010758C /* FBSession.m */ = {isa = PBXFileReference; fileEncoding = 4; lastKnownFileType = sourcecode.c.objc; path = FBSession.m; sourceTree = "<group>"; };
		C130C4471C752E1C0010758C /* PostMessageViewController.h */ = {isa = PBXFileReference; fileEncoding = 4; lastKnownFileType = sourcecode.c.h; path = PostMessageViewController.h; sourceTree = "<group>"; };
		C130C4481C752E1C0010758C /* PostMessageViewController.m */ = {isa = PBXFileReference; fileEncoding = 4; lastKnownFileType = sourcecode.c.objc; path = PostMessageViewController.m; sourceTree = "<group>"; };
		C143E9CF1C75C07200362A31 /* FBDataProvider.h */ = {isa = PBXFileReference; fileEncoding = 4; lastKnownFileType = sourcecode.c.h; path = FBDataProvider.h; sourceTree = "<group>"; };
		C143E9D01C75C07200362A31 /* FBDataProvider.m */ = {isa = PBXFileReference; fileEncoding = 4; lastKnownFileType = sourcecode.c.objc; path = FBDataProvider.m; sourceTree = "<group>"; };
		C143E9DE1C75FDF900362A31 /* UIColor+ColorExtensions.h */ = {isa = PBXFileReference; fileEncoding = 4; lastKnownFileType = sourcecode.c.h; path = "UIColor+ColorExtensions.h"; sourceTree = "<group>"; };
		C143E9DF1C75FDF900362A31 /* UIColor+ColorExtensions.m */ = {isa = PBXFileReference; fileEncoding = 4; lastKnownFileType = sourcecode.c.objc; path = "UIColor+ColorExtensions.m"; sourceTree = "<group>"; };
		C143E9E11C76119C00362A31 /* DetailMessageViewController.h */ = {isa = PBXFileReference; fileEncoding = 4; lastKnownFileType = sourcecode.c.h; path = DetailMessageViewController.h; sourceTree = "<group>"; };
		C143E9E21C76119C00362A31 /* DetailMessageViewController.m */ = {isa = PBXFileReference; fileEncoding = 4; lastKnownFileType = sourcecode.c.objc; path = DetailMessageViewController.m; sourceTree = "<group>"; };
		C143E9E41C76276600362A31 /* UsersViewController.h */ = {isa = PBXFileReference; fileEncoding = 4; lastKnownFileType = sourcecode.c.h; path = UsersViewController.h; sourceTree = "<group>"; };
		C143E9E51C76276600362A31 /* UsersViewController.m */ = {isa = PBXFileReference; fileEncoding = 4; lastKnownFileType = sourcecode.c.objc; path = UsersViewController.m; sourceTree = "<group>"; };
		C199A8EC1C766E810092BD67 /* CustomTweetsCell.h */ = {isa = PBXFileReference; fileEncoding = 4; lastKnownFileType = sourcecode.c.h; path = CustomTweetsCell.h; sourceTree = "<group>"; };
		C199A8ED1C766E810092BD67 /* CustomTweetsCell.m */ = {isa = PBXFileReference; fileEncoding = 4; lastKnownFileType = sourcecode.c.objc; path = CustomTweetsCell.m; sourceTree = "<group>"; };
/* End PBXFileReference section */

/* Begin PBXFrameworksBuildPhase section */
		C130C41B1C74868B0010758C /* Frameworks */ = {
			isa = PBXFrameworksBuildPhase;
			buildActionMask = 2147483647;
			files = (
			);
			runOnlyForDeploymentPostprocessing = 0;
		};
/* End PBXFrameworksBuildPhase section */

/* Begin PBXGroup section */
		C130C4151C74868B0010758C = {
			isa = PBXGroup;
			children = (
				C130C4201C74868B0010758C /* Federated Bird */,
				C130C41F1C74868B0010758C /* Products */,
			);
			sourceTree = "<group>";
		};
		C130C41F1C74868B0010758C /* Products */ = {
			isa = PBXGroup;
			children = (
				C130C41E1C74868B0010758C /* Federated Bird.app */,
			);
			name = Products;
			sourceTree = "<group>";
		};
		C130C4201C74868B0010758C /* Federated Bird */ = {
			isa = PBXGroup;
			children = (
				C143E9CF1C75C07200362A31 /* FBDataProvider.h */,
				C143E9D01C75C07200362A31 /* FBDataProvider.m */,
				C130C4411C74A8040010758C /* ReadingListTableViewController.h */,
				C130C4421C74A8040010758C /* ReadingListTableViewController.m */,
				C130C43B1C7489F20010758C /* CommonTableViewController.h */,
				C130C43C1C7489F20010758C /* CommonTableViewController.m */,
				C130C43E1C74A77F0010758C /* AllTweetsTableViewController.h */,
				C130C43F1C74A77F0010758C /* AllTweetsTableViewController.m */,
				C130C4241C74868B0010758C /* AppDelegate.h */,
				C130C4251C74868B0010758C /* AppDelegate.m */,
				C130C42D1C74868B0010758C /* Main.storyboard */,
				C130C4441C74B0D70010758C /* FBSession.h */,
				C130C4451C74B0D70010758C /* FBSession.m */,
				C130C4301C74868B0010758C /* Assets.xcassets */,
				C130C4321C74868B0010758C /* LaunchScreen.storyboard */,
				C130C4351C74868B0010758C /* Info.plist */,
				C130C4211C74868B0010758C /* Supporting Files */,
				C130C4471C752E1C0010758C /* PostMessageViewController.h */,
				C130C4481C752E1C0010758C /* PostMessageViewController.m */,
				C143E9DE1C75FDF900362A31 /* UIColor+ColorExtensions.h */,
				C143E9DF1C75FDF900362A31 /* UIColor+ColorExtensions.m */,
				C143E9E11C76119C00362A31 /* DetailMessageViewController.h */,
				C143E9E21C76119C00362A31 /* DetailMessageViewController.m */,
				C143E9E41C76276600362A31 /* UsersViewController.h */,
				C143E9E51C76276600362A31 /* UsersViewController.m */,
				C199A8EC1C766E810092BD67 /* CustomTweetsCell.h */,
				C199A8ED1C766E810092BD67 /* CustomTweetsCell.m */,
			);
			path = "Federated Bird";
			sourceTree = "<group>";
		};
		C130C4211C74868B0010758C /* Supporting Files */ = {
			isa = PBXGroup;
			children = (
				C130C4221C74868B0010758C /* main.m */,
			);
			name = "Supporting Files";
			sourceTree = "<group>";
		};
/* End PBXGroup section */

/* Begin PBXNativeTarget section */
		C130C41D1C74868B0010758C /* Federated Bird */ = {
			isa = PBXNativeTarget;
			buildConfigurationList = C130C4381C74868B0010758C /* Build configuration list for PBXNativeTarget "Federated Bird" */;
			buildPhases = (
				C130C41A1C74868B0010758C /* Sources */,
				C130C41B1C74868B0010758C /* Frameworks */,
				C130C41C1C74868B0010758C /* Resources */,
			);
			buildRules = (
			);
			dependencies = (
			);
			name = "Federated Bird";
			productName = "Federated Bird";
			productReference = C130C41E1C74868B0010758C /* Federated Bird.app */;
			productType = "com.apple.product-type.application";
		};
/* End PBXNativeTarget section */

/* Begin PBXProject section */
		C130C4161C74868B0010758C /* Project object */ = {
			isa = PBXProject;
			attributes = {
				LastUpgradeCheck = 0720;
				ORGANIZATIONNAME = BENSOUSSAN;
				TargetAttributes = {
					C130C41D1C74868B0010758C = {
						CreatedOnToolsVersion = 7.2;
					};
				};
			};
			buildConfigurationList = C130C4191C74868B0010758C /* Build configuration list for PBXProject "Federated Bird" */;
			compatibilityVersion = "Xcode 3.2";
			developmentRegion = English;
			hasScannedForEncodings = 0;
			knownRegions = (
				en,
				Base,
			);
			mainGroup = C130C4151C74868B0010758C;
			productRefGroup = C130C41F1C74868B0010758C /* Products */;
			projectDirPath = "";
			projectRoot = "";
			targets = (
				C130C41D1C74868B0010758C /* Federated Bird */,
			);
		};
/* End PBXProject section */

/* Begin PBXResourcesBuildPhase section */
		C130C41C1C74868B0010758C /* Resources */ = {
			isa = PBXResourcesBuildPhase;
			buildActionMask = 2147483647;
			files = (
				C130C4341C74868B0010758C /* LaunchScreen.storyboard in Resources */,
				C130C4311C74868B0010758C /* Assets.xcassets in Resources */,
				C130C42F1C74868B0010758C /* Main.storyboard in Resources */,
			);
			runOnlyForDeploymentPostprocessing = 0;
		};
/* End PBXResourcesBuildPhase section */

/* Begin PBXSourcesBuildPhase section */
		C130C41A1C74868B0010758C /* Sources */ = {
			isa = PBXSourcesBuildPhase;
			buildActionMask = 2147483647;
			files = (
				C143E9D11C75C07200362A31 /* FBDataProvider.m in Sources */,
				C130C4261C74868B0010758C /* AppDelegate.m in Sources */,
				C130C4401C74A77F0010758C /* AllTweetsTableViewController.m in Sources */,
				C130C4461C74B0D70010758C /* FBSession.m in Sources */,
				C199A8EE1C766E810092BD67 /* CustomTweetsCell.m in Sources */,
				C130C4231C74868B0010758C /* main.m in Sources */,
				C143E9E31C76119C00362A31 /* DetailMessageViewController.m in Sources */,
				C143E9E61C76276600362A31 /* UsersViewController.m in Sources */,
				C130C43D1C7489F20010758C /* CommonTableViewController.m in Sources */,
				C143E9E01C75FDF900362A31 /* UIColor+ColorExtensions.m in Sources */,
				C130C4491C752E1C0010758C /* PostMessageViewController.m in Sources */,
				C130C4431C74A8040010758C /* ReadingListTableViewController.m in Sources */,
			);
			runOnlyForDeploymentPostprocessing = 0;
		};
/* End PBXSourcesBuildPhase section */

/* Begin PBXVariantGroup section */
		C130C42D1C74868B0010758C /* Main.storyboard */ = {
			isa = PBXVariantGroup;
			children = (
				C130C42E1C74868B0010758C /* Base */,
			);
			name = Main.storyboard;
			sourceTree = "<group>";
		};
		C130C4321C74868B0010758C /* LaunchScreen.storyboard */ = {
			isa = PBXVariantGroup;
			children = (
				C130C4331C74868B0010758C /* Base */,
			);
			name = LaunchScreen.storyboard;
			sourceTree = "<group>";
		};
/* End PBXVariantGroup section */

/* Begin XCBuildConfiguration section */
		C130C4361C74868B0010758C /* Debug */ = {
			isa = XCBuildConfiguration;
			buildSettings = {
				ALWAYS_SEARCH_USER_PATHS = NO;
				CLANG_CXX_LANGUAGE_STANDARD = "gnu++0x";
				CLANG_CXX_LIBRARY = "libc++";
				CLANG_ENABLE_MODULES = YES;
				CLANG_ENABLE_OBJC_ARC = YES;
				CLANG_WARN_BOOL_CONVERSION = YES;
				CLANG_WARN_CONSTANT_CONVERSION = YES;
				CLANG_WARN_DIRECT_OBJC_ISA_USAGE = YES_ERROR;
				CLANG_WARN_EMPTY_BODY = YES;
				CLANG_WARN_ENUM_CONVERSION = YES;
				CLANG_WARN_INT_CONVERSION = YES;
				CLANG_WARN_OBJC_ROOT_CLASS = YES_ERROR;
				CLANG_WARN_UNREACHABLE_CODE = YES;
				CLANG_WARN__DUPLICATE_METHOD_MATCH = YES;
				"CODE_SIGN_IDENTITY[sdk=iphoneos*]" = "iPhone Developer";
				COPY_PHASE_STRIP = NO;
				DEBUG_INFORMATION_FORMAT = dwarf;
				ENABLE_STRICT_OBJC_MSGSEND = YES;
				ENABLE_TESTABILITY = YES;
				GCC_C_LANGUAGE_STANDARD = gnu99;
				GCC_DYNAMIC_NO_PIC = NO;
				GCC_NO_COMMON_BLOCKS = YES;
				GCC_OPTIMIZATION_LEVEL = 0;
				GCC_PREPROCESSOR_DEFINITIONS = (
					"DEBUG=1",
					"$(inherited)",
				);
				GCC_WARN_64_TO_32_BIT_CONVERSION = YES;
				GCC_WARN_ABOUT_RETURN_TYPE = YES_ERROR;
				GCC_WARN_UNDECLARED_SELECTOR = YES;
				GCC_WARN_UNINITIALIZED_AUTOS = YES_AGGRESSIVE;
				GCC_WARN_UNUSED_FUNCTION = YES;
				GCC_WARN_UNUSED_VARIABLE = YES;
				IPHONEOS_DEPLOYMENT_TARGET = 9.2;
				MTL_ENABLE_DEBUG_INFO = YES;
				ONLY_ACTIVE_ARCH = YES;
				SDKROOT = iphoneos;
			};
			name = Debug;
		};
		C130C4371C74868B0010758C /* Release */ = {
			isa = XCBuildConfiguration;
			buildSettings = {
				ALWAYS_SEARCH_USER_PATHS = NO;
				CLANG_CXX_LANGUAGE_STANDARD = "gnu++0x";
				CLANG_CXX_LIBRARY = "libc++";
				CLANG_ENABLE_MODULES = YES;
				CLANG_ENABLE_OBJC_ARC = YES;
				CLANG_WARN_BOOL_CONVERSION = YES;
				CLANG_WARN_CONSTANT_CONVERSION = YES;
				CLANG_WARN_DIRECT_OBJC_ISA_USAGE = YES_ERROR;
				CLANG_WARN_EMPTY_BODY = YES;
				CLANG_WARN_ENUM_CONVERSION = YES;
				CLANG_WARN_INT_CONVERSION = YES;
				CLANG_WARN_OBJC_ROOT_CLASS = YES_ERROR;
				CLANG_WARN_UNREACHABLE_CODE = YES;
				CLANG_WARN__DUPLICATE_METHOD_MATCH = YES;
				"CODE_SIGN_IDENTITY[sdk=iphoneos*]" = "iPhone Developer";
				COPY_PHASE_STRIP = NO;
				DEBUG_INFORMATION_FORMAT = "dwarf-with-dsym";
				ENABLE_NS_ASSERTIONS = NO;
				ENABLE_STRICT_OBJC_MSGSEND = YES;
				GCC_C_LANGUAGE_STANDARD = gnu99;
				GCC_NO_COMMON_BLOCKS = YES;
				GCC_WARN_64_TO_32_BIT_CONVERSION = YES;
				GCC_WARN_ABOUT_RETURN_TYPE = YES_ERROR;
				GCC_WARN_UNDECLARED_SELECTOR = YES;
				GCC_WARN_UNINITIALIZED_AUTOS = YES_AGGRESSIVE;
				GCC_WARN_UNUSED_FUNCTION = YES;
				GCC_WARN_UNUSED_VARIABLE = YES;
				IPHONEOS_DEPLOYMENT_TARGET = 9.2;
				MTL_ENABLE_DEBUG_INFO = NO;
				SDKROOT = iphoneos;
				VALIDATE_PRODUCT = YES;
			};
			name = Release;
		};
		C130C4391C74868B0010758C /* Debug */ = {
			isa = XCBuildConfiguration;
			buildSettings = {
				ASSETCATALOG_COMPILER_APPICON_NAME = AppIcon;
				INFOPLIST_FILE = "Federated Bird/Info.plist";
				LD_RUNPATH_SEARCH_PATHS = "$(inherited) @executable_path/Frameworks";
				PRODUCT_BUNDLE_IDENTIFIER = "DouD.Federated-Bird";
				PRODUCT_NAME = "$(TARGET_NAME)";
			};
			name = Debug;
		};
		C130C43A1C74868B0010758C /* Release */ = {
			isa = XCBuildConfiguration;
			buildSettings = {
				ASSETCATALOG_COMPILER_APPICON_NAME = AppIcon;
				INFOPLIST_FILE = "Federated Bird/Info.plist";
				LD_RUNPATH_SEARCH_PATHS = "$(inherited) @executable_path/Frameworks";
				PRODUCT_BUNDLE_IDENTIFIER = "DouD.Federated-Bird";
				PRODUCT_NAME = "$(TARGET_NAME)";
			};
			name = Release;
		};
/* End XCBuildConfiguration section */

/* Begin XCConfigurationList section */
		C130C4191C74868B0010758C /* Build configuration list for PBXProject "Federated Bird" */ = {
			isa = XCConfigurationList;
			buildConfigurations = (
				C130C4361C74868B0010758C /* Debug */,
				C130C4371C74868B0010758C /* Release */,
			);
			defaultConfigurationIsVisible = 0;
			defaultConfigurationName = Release;
		};
		C130C4381C74868B0010758C /* Build configuration list for PBXNativeTarget "Federated Bird" */ = {
			isa = XCConfigurationList;
			buildConfigurations = (
				C130C4391C74868B0010758C /* Debug */,
				C130C43A1C74868B0010758C /* Release */,
			);
			defaultConfigurationIsVisible = 0;
			defaultConfigurationName = Release;
		};
/* End XCConfigurationList section */
	};
	rootObject = C130C4161C74868B0010758C /* Project object */;
}
